{
  "version": 4,
  "terraform_version": "1.6.0",
  "serial": 8,
  "lineage": "ef11e838-e25a-eda0-cddd-c0b6d7af8ff0",
  "outputs": {
    "webapp_ips": {
      "value": "20.8.20.201,20.8.20.216,20.8.19.69,20.8.20.217,20.8.21.120,20.8.21.121,20.31.12.199,4.175.242.173,20.8.17.65,4.175.245.22,4.175.246.32,4.175.246.56,20.105.224.46",
      "type": "string"
    },
    "webapp_url": {
      "value": "braynovbazars.azurewebsites.net",
      "type": "string"
    }
  },
  "resources": [
    {
      "mode": "managed",
      "type": "azurerm_app_service_source_control",
      "name": "aassc",
      "provider": "provider[\"registry.terraform.io/hashicorp/azurerm\"]",
      "instances": [
        {
          "schema_version": 0,
          "attributes": {
            "app_id": "/subscriptions/bf258436-9d8c-4525-80a5-c7c161ce248d/resourceGroups/braynovbazarsrg2/providers/Microsoft.Web/sites/braynovbazars",
            "branch": "main",
            "github_action_configuration": [],
            "id": "/subscriptions/bf258436-9d8c-4525-80a5-c7c161ce248d/resourceGroups/braynovbazarsrg2/providers/Microsoft.Web/sites/braynovbazars",
            "repo_url": "https://github.com/BorislavRaynov/Bazars",
            "rollback_enabled": false,
            "scm_type": "ExternalGit",
            "timeouts": null,
            "use_local_git": false,
            "use_manual_integration": true,
            "use_mercurial": false,
            "uses_github_action": false
          },
          "sensitive_attributes": [],
          "private": "eyJlMmJmYjczMC1lY2FhLTExZTYtOGY4OC0zNDM2M2JjN2M0YzAiOnsiY3JlYXRlIjoxODAwMDAwMDAwMDAwLCJkZWxldGUiOjE4MDAwMDAwMDAwMDAsInJlYWQiOjMwMDAwMDAwMDAwMH19",
          "dependencies": [
            "azurerm_linux_web_app.alwa",
            "azurerm_mssql_database.sqldb",
            "azurerm_mssql_server.sqls",
            "azurerm_resource_group.rg",
            "azurerm_service_plan.asp"
          ]
        }
      ]
    },
    {
      "mode": "managed",
      "type": "azurerm_linux_web_app",
      "name": "alwa",
      "provider": "provider[\"registry.terraform.io/hashicorp/azurerm\"]",
      "instances": [
        {
          "schema_version": 0,
          "attributes": {
            "app_settings": null,
            "auth_settings": [],
            "auth_settings_v2": [],
            "backup": [],
            "client_affinity_enabled": false,
            "client_certificate_enabled": false,
            "client_certificate_exclusion_paths": "",
            "client_certificate_mode": "Required",
            "connection_string": [
              {
                "name": "DefaultConnection",
                "type": "SQLAzure",
                "value": "Data Source=tcp:braynovbazars-sql.database.windows.net,1433;Initial Catalog=braynovbazars-db;User ID=Bobi1;Password=Qwer_1234;Trusted_Connection=False; MultipleActiveResultSets=True;"
              }
            ],
            "custom_domain_verification_id": "25C0186DD704DE25EB006D6642C0070C2ACFAD497BD12CEC58ABAE647D9FAD85",
            "default_hostname": "braynovbazars.azurewebsites.net",
            "enabled": true,
            "hosting_environment_id": "",
            "https_only": false,
            "id": "/subscriptions/bf258436-9d8c-4525-80a5-c7c161ce248d/resourceGroups/braynovbazarsrg2/providers/Microsoft.Web/sites/braynovbazars",
            "identity": [],
            "key_vault_reference_identity_id": "SystemAssigned",
            "kind": "app,linux",
            "location": "westeurope",
            "logs": [],
            "name": "braynovbazars",
            "outbound_ip_address_list": [
              "20.8.20.201",
              "20.8.20.216",
              "20.8.19.69",
              "20.8.20.217",
              "20.8.21.120",
              "20.8.21.121",
              "20.31.12.199",
              "4.175.242.173",
              "20.8.17.65",
              "4.175.245.22",
              "4.175.246.32",
              "4.175.246.56",
              "20.105.224.46"
            ],
            "outbound_ip_addresses": "20.8.20.201,20.8.20.216,20.8.19.69,20.8.20.217,20.8.21.120,20.8.21.121,20.31.12.199,4.175.242.173,20.8.17.65,4.175.245.22,4.175.246.32,4.175.246.56,20.105.224.46",
            "possible_outbound_ip_address_list": [
              "20.8.20.201",
              "20.8.20.216",
              "20.8.19.69",
              "20.8.20.217",
              "20.8.21.120",
              "20.8.21.121",
              "20.31.12.199",
              "4.175.242.173",
              "20.8.17.65",
              "4.175.245.22",
              "4.175.246.32",
              "4.175.246.56",
              "20.31.15.84",
              "20.31.15.85",
              "20.8.16.157",
              "20.8.17.122",
              "20.8.18.60",
              "20.8.19.55",
              "20.76.228.97",
              "20.8.20.48",
              "20.8.20.19",
              "20.8.21.128",
              "20.8.20.130",
              "20.8.20.157",
              "20.8.20.201",
              "20.8.20.216",
              "20.8.19.69",
              "20.8.20.217",
              "20.8.21.120",
              "20.8.21.121",
              "20.8.21.188",
              "20.8.21.210",
              "20.8.21.211",
              "20.8.21.214",
              "20.8.21.215",
              "20.8.22.0",
              "20.105.224.46"
            ],
            "possible_outbound_ip_addresses": "20.8.20.201,20.8.20.216,20.8.19.69,20.8.20.217,20.8.21.120,20.8.21.121,20.31.12.199,4.175.242.173,20.8.17.65,4.175.245.22,4.175.246.32,4.175.246.56,20.31.15.84,20.31.15.85,20.8.16.157,20.8.17.122,20.8.18.60,20.8.19.55,20.76.228.97,20.8.20.48,20.8.20.19,20.8.21.128,20.8.20.130,20.8.20.157,20.8.20.201,20.8.20.216,20.8.19.69,20.8.20.217,20.8.21.120,20.8.21.121,20.8.21.188,20.8.21.210,20.8.21.211,20.8.21.214,20.8.21.215,20.8.22.0,20.105.224.46",
            "public_network_access_enabled": true,
            "resource_group_name": "braynovbazarsrg2",
            "service_plan_id": "/subscriptions/bf258436-9d8c-4525-80a5-c7c161ce248d/resourceGroups/braynovbazarsrg2/providers/Microsoft.Web/serverfarms/braynovbazars-sp",
            "site_config": [
              {
                "always_on": false,
                "api_definition_url": "",
                "api_management_api_id": "",
                "app_command_line": "",
                "application_stack": [
                  {
                    "docker_image": "",
                    "docker_image_name": "",
                    "docker_image_tag": "",
                    "docker_registry_password": "",
                    "docker_registry_url": "",
                    "docker_registry_username": "",
                    "dotnet_version": "6.0",
                    "go_version": "",
                    "java_server": "",
                    "java_server_version": "",
                    "java_version": "",
                    "node_version": "",
                    "php_version": "",
                    "python_version": "",
                    "ruby_version": ""
                  }
                ],
                "auto_heal_enabled": false,
                "auto_heal_setting": [],
                "container_registry_managed_identity_client_id": "",
                "container_registry_use_managed_identity": false,
                "cors": [],
                "default_documents": [
                  "Default.htm",
                  "Default.html",
                  "Default.asp",
                  "index.htm",
                  "index.html",
                  "iisstart.htm",
                  "default.aspx",
                  "index.php",
                  "hostingstart.html"
                ],
                "detailed_error_logging_enabled": false,
                "ftps_state": "Disabled",
                "health_check_eviction_time_in_min": 0,
                "health_check_path": "",
                "http2_enabled": false,
                "ip_restriction": [],
                "linux_fx_version": "DOTNETCORE|6.0",
                "load_balancing_mode": "LeastRequests",
                "local_mysql_enabled": false,
                "managed_pipeline_mode": "Integrated",
                "minimum_tls_version": "1.2",
                "remote_debugging_enabled": false,
                "remote_debugging_version": "VS2019",
                "scm_ip_restriction": [],
                "scm_minimum_tls_version": "1.2",
                "scm_type": "None",
                "scm_use_main_ip_restriction": false,
                "use_32_bit_worker": true,
                "vnet_route_all_enabled": false,
                "websockets_enabled": false,
                "worker_count": 1
              }
            ],
            "site_credential": [
              {
                "name": "$braynovbazars",
                "password": "sCNJum7Mxn5xgSgNGEvmFGrL2il1vobogZhQKlqb4HvQW0dRnETXo6YKXctb"
              }
            ],
            "sticky_settings": [],
            "storage_account": [],
            "tags": null,
            "timeouts": null,
            "virtual_network_subnet_id": "",
            "zip_deploy_file": ""
          },
          "sensitive_attributes": [
            [
              {
                "type": "get_attr",
                "value": "connection_string"
              }
            ]
          ],
          "private": "eyJlMmJmYjczMC1lY2FhLTExZTYtOGY4OC0zNDM2M2JjN2M0YzAiOnsiY3JlYXRlIjoxODAwMDAwMDAwMDAwLCJkZWxldGUiOjE4MDAwMDAwMDAwMDAsInJlYWQiOjMwMDAwMDAwMDAwMCwidXBkYXRlIjoxODAwMDAwMDAwMDAwfX0=",
          "dependencies": [
            "azurerm_mssql_database.sqldb",
            "azurerm_mssql_server.sqls",
            "azurerm_resource_group.rg",
            "azurerm_service_plan.asp"
          ]
        }
      ]
    },
    {
      "mode": "managed",
      "type": "azurerm_mssql_database",
      "name": "sqldb",
      "provider": "provider[\"registry.terraform.io/hashicorp/azurerm\"]",
      "instances": [
        {
          "schema_version": 1,
          "attributes": {
            "auto_pause_delay_in_minutes": 0,
            "collation": "SQL_Latin1_General_CP1_CI_AS",
            "create_mode": "Default",
            "creation_source_database_id": null,
            "elastic_pool_id": "",
            "geo_backup_enabled": true,
            "id": "/subscriptions/bf258436-9d8c-4525-80a5-c7c161ce248d/resourceGroups/braynovbazarsrg2/providers/Microsoft.Sql/servers/braynovbazars-sql/databases/braynovbazars-db",
            "import": [],
            "ledger_enabled": false,
            "license_type": "LicenseIncluded",
            "long_term_retention_policy": [
              {
                "monthly_retention": "PT0S",
                "week_of_year": 1,
                "weekly_retention": "PT0S",
                "yearly_retention": "PT0S"
              }
            ],
            "maintenance_configuration_name": "SQL_Default",
            "max_size_gb": 2,
            "min_capacity": 0,
            "name": "braynovbazars-db",
            "read_replica_count": 0,
            "read_scale": false,
            "recover_database_id": null,
            "restore_dropped_database_id": null,
            "restore_point_in_time": null,
            "sample_name": null,
            "server_id": "/subscriptions/bf258436-9d8c-4525-80a5-c7c161ce248d/resourceGroups/braynovbazarsrg2/providers/Microsoft.Sql/servers/braynovbazars-sql",
            "short_term_retention_policy": [
              {
                "backup_interval_in_hours": 24,
                "retention_days": 7
              }
            ],
            "sku_name": "Basic",
            "storage_account_type": "Geo",
            "tags": null,
            "threat_detection_policy": [
              {
                "disabled_alerts": [],
                "email_account_admins": "Disabled",
                "email_addresses": [],
                "retention_days": 0,
                "state": "Disabled",
                "storage_account_access_key": "",
                "storage_endpoint": ""
              }
            ],
            "timeouts": null,
            "transparent_data_encryption_enabled": true,
            "zone_redundant": false
          },
          "sensitive_attributes": [],
          "private": "eyJlMmJmYjczMC1lY2FhLTExZTYtOGY4OC0zNDM2M2JjN2M0YzAiOnsiY3JlYXRlIjozNjAwMDAwMDAwMDAwLCJkZWxldGUiOjM2MDAwMDAwMDAwMDAsInJlYWQiOjMwMDAwMDAwMDAwMCwidXBkYXRlIjozNjAwMDAwMDAwMDAwfSwic2NoZW1hX3ZlcnNpb24iOiIxIn0=",
          "dependencies": [
            "azurerm_mssql_server.sqls",
            "azurerm_resource_group.rg"
          ]
        }
      ]
    },
    {
      "mode": "managed",
      "type": "azurerm_mssql_firewall_rule",
      "name": "sqldbfw",
      "provider": "provider[\"registry.terraform.io/hashicorp/azurerm\"]",
      "instances": [
        {
          "schema_version": 0,
          "attributes": {
            "end_ip_address": "0.0.0.0",
            "id": "/subscriptions/bf258436-9d8c-4525-80a5-c7c161ce248d/resourceGroups/braynovbazarsrg2/providers/Microsoft.Sql/servers/braynovbazars-sql/firewallRules/braynovbazars-fw",
            "name": "braynovbazars-fw",
            "server_id": "/subscriptions/bf258436-9d8c-4525-80a5-c7c161ce248d/resourceGroups/braynovbazarsrg2/providers/Microsoft.Sql/servers/braynovbazars-sql",
            "start_ip_address": "0.0.0.0",
            "timeouts": null
          },
          "sensitive_attributes": [],
          "private": "eyJlMmJmYjczMC1lY2FhLTExZTYtOGY4OC0zNDM2M2JjN2M0YzAiOnsiY3JlYXRlIjoxODAwMDAwMDAwMDAwLCJkZWxldGUiOjE4MDAwMDAwMDAwMDAsInJlYWQiOjMwMDAwMDAwMDAwMCwidXBkYXRlIjoxODAwMDAwMDAwMDAwfX0=",
          "dependencies": [
            "azurerm_mssql_server.sqls",
            "azurerm_resource_group.rg"
          ]
        }
      ]
    },
    {
      "mode": "managed",
      "type": "azurerm_mssql_server",
      "name": "sqls",
      "provider": "provider[\"registry.terraform.io/hashicorp/azurerm\"]",
      "instances": [
        {
          "schema_version": 0,
          "attributes": {
            "administrator_login": "Bobi1",
            "administrator_login_password": "Qwer_1234",
            "azuread_administrator": [],
            "connection_policy": "Default",
            "fully_qualified_domain_name": "braynovbazars-sql.database.windows.net",
            "id": "/subscriptions/bf258436-9d8c-4525-80a5-c7c161ce248d/resourceGroups/braynovbazarsrg2/providers/Microsoft.Sql/servers/braynovbazars-sql",
            "identity": [],
            "location": "westeurope",
            "minimum_tls_version": "1.2",
            "name": "braynovbazars-sql",
            "outbound_network_restriction_enabled": false,
            "primary_user_assigned_identity_id": "",
            "public_network_access_enabled": true,
            "resource_group_name": "braynovbazarsrg2",
            "restorable_dropped_database_ids": [],
            "tags": null,
            "timeouts": null,
            "transparent_data_encryption_key_vault_key_id": "",
            "version": "12.0"
          },
          "sensitive_attributes": [],
          "private": "eyJlMmJmYjczMC1lY2FhLTExZTYtOGY4OC0zNDM2M2JjN2M0YzAiOnsiY3JlYXRlIjozNjAwMDAwMDAwMDAwLCJkZWxldGUiOjM2MDAwMDAwMDAwMDAsInJlYWQiOjMwMDAwMDAwMDAwMCwidXBkYXRlIjozNjAwMDAwMDAwMDAwfX0=",
          "dependencies": [
            "azurerm_resource_group.rg"
          ]
        }
      ]
    },
    {
      "mode": "managed",
      "type": "azurerm_resource_group",
      "name": "rg",
      "provider": "provider[\"registry.terraform.io/hashicorp/azurerm\"]",
      "instances": [
        {
          "schema_version": 0,
          "attributes": {
            "id": "/subscriptions/bf258436-9d8c-4525-80a5-c7c161ce248d/resourceGroups/braynovbazarsrg2",
            "location": "westeurope",
            "managed_by": "",
            "name": "braynovbazarsrg2",
            "tags": null,
            "timeouts": null
          },
          "sensitive_attributes": [],
          "private": "eyJlMmJmYjczMC1lY2FhLTExZTYtOGY4OC0zNDM2M2JjN2M0YzAiOnsiY3JlYXRlIjo1NDAwMDAwMDAwMDAwLCJkZWxldGUiOjU0MDAwMDAwMDAwMDAsInJlYWQiOjMwMDAwMDAwMDAwMCwidXBkYXRlIjo1NDAwMDAwMDAwMDAwfX0="
        }
      ]
    },
    {
      "mode": "managed",
      "type": "azurerm_service_plan",
      "name": "asp",
      "provider": "provider[\"registry.terraform.io/hashicorp/azurerm\"]",
      "instances": [
        {
          "schema_version": 0,
          "attributes": {
            "app_service_environment_id": "",
            "id": "/subscriptions/bf258436-9d8c-4525-80a5-c7c161ce248d/resourceGroups/braynovbazarsrg2/providers/Microsoft.Web/serverfarms/braynovbazars-sp",
            "kind": "linux",
            "location": "westeurope",
            "maximum_elastic_worker_count": 1,
            "name": "braynovbazars-sp",
            "os_type": "Linux",
            "per_site_scaling_enabled": false,
            "reserved": true,
            "resource_group_name": "braynovbazarsrg2",
            "sku_name": "F1",
            "tags": null,
            "timeouts": null,
            "worker_count": 1,
            "zone_balancing_enabled": false
          },
          "sensitive_attributes": [],
          "private": "eyJlMmJmYjczMC1lY2FhLTExZTYtOGY4OC0zNDM2M2JjN2M0YzAiOnsiY3JlYXRlIjozNjAwMDAwMDAwMDAwLCJkZWxldGUiOjM2MDAwMDAwMDAwMDAsInJlYWQiOjMwMDAwMDAwMDAwMCwidXBkYXRlIjozNjAwMDAwMDAwMDAwfX0=",
          "dependencies": [
            "azurerm_resource_group.rg"
          ]
        }
      ]
    }
  ],
  "check_results": null
}
