{
  "version": 4,
  "terraform_version": "1.6.0",
  "serial": 18,
  "lineage": "a93e0081-921c-79b0-f7d6-117e3782c584",
  "outputs": {},
  "resources": [
    {
      "mode": "managed",
      "type": "azurerm_app_service_source_control",
      "name": "example",
      "provider": "provider[\"registry.terraform.io/hashicorp/azurerm\"]",
      "instances": [
        {
          "schema_version": 0,
          "attributes": {
            "app_id": "/subscriptions/bf258436-9d8c-4525-80a5-c7c161ce248d/resourceGroups/ContactBookRG95320/providers/Microsoft.Web/sites/linux-app-95320",
            "branch": "master",
            "github_action_configuration": [],
            "id": "/subscriptions/bf258436-9d8c-4525-80a5-c7c161ce248d/resourceGroups/ContactBookRG95320/providers/Microsoft.Web/sites/linux-app-95320",
            "repo_url": "https://github.com/nakov/ContactBook",
            "rollback_enabled": false,
            "scm_type": "ExternalGit",
            "timeouts": null,
            "use_local_git": false,
            "use_manual_integration": true,
            "use_mercurial": false,
            "uses_github_action": false
          },
          "sensitive_attributes": [],
          "private": "eyJlMmJmYjczMC1lY2FhLTExZTYtOGY4OC0zNDM2M2JjN2M0YzAiOnsiY3JlYXRlIjoxODAwMDAwMDAwMDAwLCJkZWxldGUiOjE4MDAwMDAwMDAwMDAsInJlYWQiOjMwMDAwMDAwMDAwMH19",
          "dependencies": [
            "azurerm_linux_web_app.alwa",
            "azurerm_resource_group.rg",
            "azurerm_service_plan.asp",
            "random_integer.ri"
          ]
        }
      ]
    },
    {
      "mode": "managed",
      "type": "azurerm_linux_web_app",
      "name": "alwa",
      "provider": "provider[\"registry.terraform.io/hashicorp/azurerm\"]",
      "instances": [
        {
          "schema_version": 0,
          "attributes": {
            "app_settings": null,
            "auth_settings": [],
            "auth_settings_v2": [],
            "backup": [],
            "client_affinity_enabled": false,
            "client_certificate_enabled": false,
            "client_certificate_exclusion_paths": "",
            "client_certificate_mode": "Required",
            "connection_string": [],
            "custom_domain_verification_id": "25C0186DD704DE25EB006D6642C0070C2ACFAD497BD12CEC58ABAE647D9FAD85",
            "default_hostname": "linux-app-95320.azurewebsites.net",
            "enabled": true,
            "hosting_environment_id": "",
            "https_only": false,
            "id": "/subscriptions/bf258436-9d8c-4525-80a5-c7c161ce248d/resourceGroups/ContactBookRG95320/providers/Microsoft.Web/sites/linux-app-95320",
            "identity": [],
            "key_vault_reference_identity_id": "SystemAssigned",
            "kind": "app,linux",
            "location": "westeurope",
            "logs": [],
            "name": "linux-app-95320",
            "outbound_ip_address_list": [
              "20.238.219.159",
              "20.238.219.235",
              "20.31.145.63",
              "20.238.220.98",
              "20.238.220.123",
              "20.238.221.15",
              "20.103.134.51",
              "20.31.146.226",
              "20.31.146.232",
              "20.31.147.160",
              "20.103.129.44",
              "20.31.148.85",
              "20.105.216.35"
            ],
            "outbound_ip_addresses": "20.238.219.159,20.238.219.235,20.31.145.63,20.238.220.98,20.238.220.123,20.238.221.15,20.103.134.51,20.31.146.226,20.31.146.232,20.31.147.160,20.103.129.44,20.31.148.85,20.105.216.35",
            "possible_outbound_ip_address_list": [
              "20.238.219.159",
              "20.238.219.235",
              "20.31.145.63",
              "20.238.220.98",
              "20.238.220.123",
              "20.238.221.15",
              "20.103.134.51",
              "20.31.146.226",
              "20.31.146.232",
              "20.31.147.160",
              "20.103.129.44",
              "20.31.148.85",
              "20.238.216.116",
              "20.126.242.192",
              "20.126.244.53",
              "20.238.218.149",
              "20.238.218.205",
              "20.93.191.239",
              "20.238.219.14",
              "20.238.219.27",
              "20.238.219.33",
              "20.238.219.85",
              "20.238.219.92",
              "20.238.219.152",
              "20.238.219.159",
              "20.238.219.235",
              "20.31.145.63",
              "20.238.220.98",
              "20.238.220.123",
              "20.238.221.15",
              "20.238.221.26",
              "20.238.221.87",
              "20.238.221.122",
              "20.238.221.126",
              "20.238.221.193",
              "20.238.221.208",
              "20.105.216.35"
            ],
            "possible_outbound_ip_addresses": "20.238.219.159,20.238.219.235,20.31.145.63,20.238.220.98,20.238.220.123,20.238.221.15,20.103.134.51,20.31.146.226,20.31.146.232,20.31.147.160,20.103.129.44,20.31.148.85,20.238.216.116,20.126.242.192,20.126.244.53,20.238.218.149,20.238.218.205,20.93.191.239,20.238.219.14,20.238.219.27,20.238.219.33,20.238.219.85,20.238.219.92,20.238.219.152,20.238.219.159,20.238.219.235,20.31.145.63,20.238.220.98,20.238.220.123,20.238.221.15,20.238.221.26,20.238.221.87,20.238.221.122,20.238.221.126,20.238.221.193,20.238.221.208,20.105.216.35",
            "public_network_access_enabled": true,
            "resource_group_name": "ContactBookRG95320",
            "service_plan_id": "/subscriptions/bf258436-9d8c-4525-80a5-c7c161ce248d/resourceGroups/ContactBookRG95320/providers/Microsoft.Web/serverfarms/contact-book-95320",
            "site_config": [
              {
                "always_on": false,
                "api_definition_url": "",
                "api_management_api_id": "",
                "app_command_line": "",
                "application_stack": [
                  {
                    "docker_image": "",
                    "docker_image_name": "",
                    "docker_image_tag": "",
                    "docker_registry_password": "",
                    "docker_registry_url": "",
                    "docker_registry_username": "",
                    "dotnet_version": "",
                    "go_version": "",
                    "java_server": "",
                    "java_server_version": "",
                    "java_version": "",
                    "node_version": "16-lts",
                    "php_version": "",
                    "python_version": "",
                    "ruby_version": ""
                  }
                ],
                "auto_heal_enabled": false,
                "auto_heal_setting": [],
                "container_registry_managed_identity_client_id": "",
                "container_registry_use_managed_identity": false,
                "cors": [],
                "default_documents": [
                  "Default.htm",
                  "Default.html",
                  "Default.asp",
                  "index.htm",
                  "index.html",
                  "iisstart.htm",
                  "default.aspx",
                  "index.php",
                  "hostingstart.html"
                ],
                "detailed_error_logging_enabled": false,
                "ftps_state": "Disabled",
                "health_check_eviction_time_in_min": 0,
                "health_check_path": "",
                "http2_enabled": false,
                "ip_restriction": [],
                "linux_fx_version": "NODE|16-lts",
                "load_balancing_mode": "LeastRequests",
                "local_mysql_enabled": false,
                "managed_pipeline_mode": "Integrated",
                "minimum_tls_version": "1.2",
                "remote_debugging_enabled": false,
                "remote_debugging_version": "VS2019",
                "scm_ip_restriction": [],
                "scm_minimum_tls_version": "1.2",
                "scm_type": "None",
                "scm_use_main_ip_restriction": false,
                "use_32_bit_worker": true,
                "vnet_route_all_enabled": false,
                "websockets_enabled": false,
                "worker_count": 1
              }
            ],
            "site_credential": [
              {
                "name": "$linux-app-95320",
                "password": "FifxnD0Xui9naGNEHcZW2fFhcLeH9ubsixB1uu6NzaidWC8v3YKcHgXGcns7"
              }
            ],
            "sticky_settings": [],
            "storage_account": [],
            "tags": null,
            "timeouts": null,
            "virtual_network_subnet_id": "",
            "zip_deploy_file": ""
          },
          "sensitive_attributes": [],
          "private": "eyJlMmJmYjczMC1lY2FhLTExZTYtOGY4OC0zNDM2M2JjN2M0YzAiOnsiY3JlYXRlIjoxODAwMDAwMDAwMDAwLCJkZWxldGUiOjE4MDAwMDAwMDAwMDAsInJlYWQiOjMwMDAwMDAwMDAwMCwidXBkYXRlIjoxODAwMDAwMDAwMDAwfX0=",
          "dependencies": [
            "azurerm_resource_group.rg",
            "azurerm_service_plan.asp",
            "random_integer.ri"
          ]
        }
      ]
    },
    {
      "mode": "managed",
      "type": "azurerm_resource_group",
      "name": "rg",
      "provider": "provider[\"registry.terraform.io/hashicorp/azurerm\"]",
      "instances": [
        {
          "schema_version": 0,
          "attributes": {
            "id": "/subscriptions/bf258436-9d8c-4525-80a5-c7c161ce248d/resourceGroups/ContactBookRG95320",
            "location": "westeurope",
            "managed_by": "",
            "name": "ContactBookRG95320",
            "tags": null,
            "timeouts": null
          },
          "sensitive_attributes": [],
          "private": "eyJlMmJmYjczMC1lY2FhLTExZTYtOGY4OC0zNDM2M2JjN2M0YzAiOnsiY3JlYXRlIjo1NDAwMDAwMDAwMDAwLCJkZWxldGUiOjU0MDAwMDAwMDAwMDAsInJlYWQiOjMwMDAwMDAwMDAwMCwidXBkYXRlIjo1NDAwMDAwMDAwMDAwfX0=",
          "dependencies": [
            "random_integer.ri"
          ]
        }
      ]
    },
    {
      "mode": "managed",
      "type": "azurerm_service_plan",
      "name": "asp",
      "provider": "provider[\"registry.terraform.io/hashicorp/azurerm\"]",
      "instances": [
        {
          "schema_version": 0,
          "attributes": {
            "app_service_environment_id": "",
            "id": "/subscriptions/bf258436-9d8c-4525-80a5-c7c161ce248d/resourceGroups/ContactBookRG95320/providers/Microsoft.Web/serverfarms/contact-book-95320",
            "kind": "linux",
            "location": "westeurope",
            "maximum_elastic_worker_count": 1,
            "name": "contact-book-95320",
            "os_type": "Linux",
            "per_site_scaling_enabled": false,
            "reserved": true,
            "resource_group_name": "ContactBookRG95320",
            "sku_name": "F1",
            "tags": null,
            "timeouts": null,
            "worker_count": 1,
            "zone_balancing_enabled": false
          },
          "sensitive_attributes": [],
          "private": "eyJlMmJmYjczMC1lY2FhLTExZTYtOGY4OC0zNDM2M2JjN2M0YzAiOnsiY3JlYXRlIjozNjAwMDAwMDAwMDAwLCJkZWxldGUiOjM2MDAwMDAwMDAwMDAsInJlYWQiOjMwMDAwMDAwMDAwMCwidXBkYXRlIjozNjAwMDAwMDAwMDAwfX0=",
          "dependencies": [
            "azurerm_resource_group.rg",
            "random_integer.ri"
          ]
        }
      ]
    },
    {
      "mode": "managed",
      "type": "random_integer",
      "name": "ri",
      "provider": "provider[\"registry.terraform.io/hashicorp/random\"]",
      "instances": [
        {
          "schema_version": 0,
          "attributes": {
            "id": "95320",
            "keepers": null,
            "max": 99999,
            "min": 10000,
            "result": 95320,
            "seed": null
          },
          "sensitive_attributes": []
        }
      ]
    }
  ],
  "check_results": null
}
